
Microsoft Visual Studio Solution File, Format Version 12.00
# Visual Studio Version 17
VisualStudioVersion = 17.5.33516.290
MinimumVisualStudioVersion = 10.0.40219.1
Project("{9A19103F-16F7-4668-BE54-9A1E7A4F7556}") = "UBuild", "UBuild\UBuild.csproj", "{B02079E4-5A80-4732-9D5E-1BC37948507B}"
EndProject
Global
	GlobalSection(SolutionConfigurationPlatforms) = preSolution
		Debug|Any CPU = Debug|Any CPU
		Release|Any CPU = Release|Any CPU
	EndGlobalSection
	GlobalSection(ProjectConfigurationPlatforms) = postSolution
		{B02079E4-5A80-4732-9D5E-1BC37948507B}.Debug|Any CPU.ActiveCfg = Debug|Any CPU
		{B02079E4-5A80-4732-9D5E-1BC37948507B}.Debug|Any CPU.Build.0 = Debug|Any CPU
		{B02079E4-5A80-4732-9D5E-1BC37948507B}.Release|Any CPU.ActiveCfg = Release|Any CPU
		{B02079E4-5A80-4732-9D5E-1BC37948507B}.Release|Any CPU.Build.0 = Release|Any CPU
	EndGlobalSection
	GlobalSection(SolutionProperties) = preSolution
		HideSolutionNode = FALSE
	EndGlobalSection
	GlobalSection(ExtensibilityGlobals) = postSolution
		SolutionGuid = {9DE7987F-6CB9-467D-BB09-9A13B7EF7A94}
	EndGlobalSection
EndGlobal
